# This file is autogenerated, do not edit; changes may be undone by the next 'dep ensure'.


[[projects]]
  digest = "1:1e0ede92d5d52918ce7ff306b6979bedc3e1b86b078a97df13a3beff4c652490"
  name = "github.com/juju/rpcreflect"
  packages = ["."]
  pruneopts = "UT"
  revision = "bb46e9ba1476d7b637cb956362dc568858c0d177"

[solve-meta]
  analyzer-name = "dep"
  analyzer-version = 1
  input-imports = ["github.com/juju/rpcreflect"]
  solver-name = "gps-cdcl"
  solver-version = 1
