# This file is autogenerated, do not edit; changes may be undone by the next 'dep ensure'.


[[projects]]
  digest = "1:49b61a2d186cbe71f1e72021b7bba7012b9433af2215f7ef07456344216efeff"
  name = "github.com/juju/rpcreflect"
  packages = ["."]
  pruneopts = "UT"
  revision = "cca922e065df403dc5088294f7f546e838d13708"

[solve-meta]
  analyzer-name = "dep"
  analyzer-version = 1
  input-imports = ["github.com/juju/rpcreflect"]
  solver-name = "gps-cdcl"
  solver-version = 1
