# This file is autogenerated, do not edit; changes may be undone by the next 'dep ensure'.


[[projects]]
  digest = "1:d9d55e85924d14fd65332adbac9c660a8b6bbe402965c77fac6af1b8a70b282e"
  name = "github.com/juju/juju"
  packages = ["rpc/rpcreflect"]
  pruneopts = "UT"
  revision = "58d60964ab33001aaaf10c96888d3be48e293985"

[solve-meta]
  analyzer-name = "dep"
  analyzer-version = 1
  input-imports = ["github.com/juju/juju/rpc/rpcreflect"]
  solver-name = "gps-cdcl"
  solver-version = 1
